Microsoft Visual Studio Solution File, Format Version 12.00
# Visual Studio Version 16
VisualStudioVersion = 16.0.29806.167
MinimumVisualStudioVersion = 10.0.40219.1
Project("{FAE04EC0-301F-11D3-BF4B-00C04F79EFBC}") = "Website", "src\Project\code\Website\Website.csproj", "{5F9CF41A-E0DB-4DA7-85A7-81D3E55F2B87}"
EndProject
Project("{9A19103F-16F7-4668-BE54-9A1E7A4F7556}") = "Foundation", "src\Foundation\code\Foundation.csproj", "{1CD06FDF-C48E-4876-9556-9F08B51626CE}"
EndProject
Project("{9A19103F-16F7-4668-BE54-9A1E7A4F7556}") = "Feature", "src\Feature\code\Feature.csproj", "{6C49B0CE-4E4A-42C8-8BC4-BD7639D55747}"
EndProject
Project("{2150E333-8FDC-42A3-9474-1A3956D46DE8}") = "Project", "Project", "{EACCD912-B2CB-4A81-BA51-DC030B3797C0}"
EndProject
Global
	GlobalSection(SolutionConfigurationPlatforms) = preSolution
		Debug|Any CPU = Debug|Any CPU
		Release|Any CPU = Release|Any CPU
	EndGlobalSection
	GlobalSection(ProjectConfigurationPlatforms) = postSolution
		{5F9CF41A-E0DB-4DA7-85A7-81D3E55F2B87}.Debug|Any CPU.ActiveCfg = Debug|Any CPU
		{5F9CF41A-E0DB-4DA7-85A7-81D3E55F2B87}.Debug|Any CPU.Build.0 = Debug|Any CPU
		{5F9CF41A-E0DB-4DA7-85A7-81D3E55F2B87}.Release|Any CPU.ActiveCfg = Release|Any CPU
		{5F9CF41A-E0DB-4DA7-85A7-81D3E55F2B87}.Release|Any CPU.Build.0 = Release|Any CPU
		{1CD06FDF-C48E-4876-9556-9F08B51626CE}.Debug|Any CPU.ActiveCfg = Debug|Any CPU
		{1CD06FDF-C48E-4876-9556-9F08B51626CE}.Debug|Any CPU.Build.0 = Debug|Any CPU
		{1CD06FDF-C48E-4876-9556-9F08B51626CE}.Release|Any CPU.ActiveCfg = Release|Any CPU
		{1CD06FDF-C48E-4876-9556-9F08B51626CE}.Release|Any CPU.Build.0 = Release|Any CPU
		{6C49B0CE-4E4A-42C8-8BC4-BD7639D55747}.Debug|Any CPU.ActiveCfg = Debug|Any CPU
		{6C49B0CE-4E4A-42C8-8BC4-BD7639D55747}.Debug|Any CPU.Build.0 = Debug|Any CPU
		{6C49B0CE-4E4A-42C8-8BC4-BD7639D55747}.Release|Any CPU.ActiveCfg = Release|Any CPU
		{6C49B0CE-4E4A-42C8-8BC4-BD7639D55747}.Release|Any CPU.Build.0 = Release|Any CPU
	EndGlobalSection
	GlobalSection(SolutionProperties) = preSolution
		HideSolutionNode = FALSE
	EndGlobalSection
	GlobalSection(NestedProjects) = preSolution
		{5F9CF41A-E0DB-4DA7-85A7-81D3E55F2B87} = {EACCD912-B2CB-4A81-BA51-DC030B3797C0}
	EndGlobalSection
	GlobalSection(ExtensibilityGlobals) = postSolution
		SolutionGuid = {2F51EA1D-63A3-421C-A0B4-C8E3F99A0B82}
	EndGlobalSection
EndGlobal
